
Microsoft Visual Studio Solution File, Format Version 12.00
# Visual Studio Version 16
VisualStudioVersion = 16.0.30907.101
MinimumVisualStudioVersion = 10.0.40219.1
Project("{FAE04EC0-301F-11D3-BF4B-00C04F79EFBC}") = "MOEIRC", "MOEIRC\MOEIRC.csproj", "{D7D58C84-7B53-4F75-A2B0-D0D2EE4DBBD6}"
EndProject
Project("{FAE04EC0-301F-11D3-BF4B-00C04F79EFBC}") = "MOEIRCTests", "MOEIRCTests\MOEIRCTests.csproj", "{BB504C38-EEEC-4077-9463-778D26E842D7}"
EndProject
Global
	GlobalSection(SolutionConfigurationPlatforms) = preSolution
		Debug|Any CPU = Debug|Any CPU
		Release|Any CPU = Release|Any CPU
	EndGlobalSection
	GlobalSection(ProjectConfigurationPlatforms) = postSolution
		{D7D58C84-7B53-4F75-A2B0-D0D2EE4DBBD6}.Debug|Any CPU.ActiveCfg = Debug|Any CPU
		{D7D58C84-7B53-4F75-A2B0-D0D2EE4DBBD6}.Debug|Any CPU.Build.0 = Debug|Any CPU
		{D7D58C84-7B53-4F75-A2B0-D0D2EE4DBBD6}.Release|Any CPU.ActiveCfg = Release|Any CPU
		{D7D58C84-7B53-4F75-A2B0-D0D2EE4DBBD6}.Release|Any CPU.Build.0 = Release|Any CPU
		{BB504C38-EEEC-4077-9463-778D26E842D7}.Debug|Any CPU.ActiveCfg = Debug|Any CPU
		{BB504C38-EEEC-4077-9463-778D26E842D7}.Debug|Any CPU.Build.0 = Debug|Any CPU
		{BB504C38-EEEC-4077-9463-778D26E842D7}.Release|Any CPU.ActiveCfg = Release|Any CPU
		{BB504C38-EEEC-4077-9463-778D26E842D7}.Release|Any CPU.Build.0 = Release|Any CPU
	EndGlobalSection
	GlobalSection(SolutionProperties) = preSolution
		HideSolutionNode = FALSE
	EndGlobalSection
	GlobalSection(ExtensibilityGlobals) = postSolution
		SolutionGuid = {B4FCD87B-47CF-45A4-9129-9343B18279AB}
	EndGlobalSection
EndGlobal
